// !$*UTF8*$!
{
	archiveVersion = 1;
	classes = {
	};
	objectVersion = 50;
	objects = {

/* Begin PBXBuildFile section */
		844422A027B7785400AC454A /* Queue.cpp in Sources */ = {isa = PBXBuildFile; fileRef = 8444229E27B7785400AC454A /* Queue.cpp */; };
		844422A627B7C63600AC454A /* Cow.cpp in Sources */ = {isa = PBXBuildFile; fileRef = 844422A427B7C63600AC454A /* Cow.cpp */; };
		844B14EC27A19AEC00BEA4D9 /* Stack.cpp in Sources */ = {isa = PBXBuildFile; fileRef = 844B14EA27A19AEC00BEA4D9 /* Stack.cpp */; };
		8454B00F279EF21D00F15AC9 /* main.cpp in Sources */ = {isa = PBXBuildFile; fileRef = 8454B00E279EF21D00F15AC9 /* main.cpp */; };
		8454B017279EF24500F15AC9 /* Stock00.cpp in Sources */ = {isa = PBXBuildFile; fileRef = 8454B015279EF24500F15AC9 /* Stock00.cpp */; };
		8457468227D4E88E00724BF2 /* Student.cpp in Sources */ = {isa = PBXBuildFile; fileRef = 8457468027D4E88E00724BF2 /* Student.cpp */; };
		84591CCC27B2AD8C007FF8DA /* stringbad.cpp in Sources */ = {isa = PBXBuildFile; fileRef = 84591CCA27B2AD8C007FF8DA /* stringbad.cpp */; };
		849FB9ED27EED79B00B601BE /* Wine.cpp in Sources */ = {isa = PBXBuildFile; fileRef = 849FB9EA27EED79B00B601BE /* Wine.cpp */; };
		84A029BF27B8AA7500ECA48F /* tabtenn0.cpp in Sources */ = {isa = PBXBuildFile; fileRef = 84A029BD27B8AA7500ECA48F /* tabtenn0.cpp */; };
		84A029C227B8CD7500ECA48F /* brass.cpp in Sources */ = {isa = PBXBuildFile; fileRef = 84A029C027B8CD7500ECA48F /* brass.cpp */; };
		84A7A86E27DDEAA5001E2CD8 /* stcktp.cpp in Sources */ = {isa = PBXBuildFile; fileRef = 84A7A86C27DDEAA5001E2CD8 /* stcktp.cpp */; };
		84A9B35A27DD965100594CC6 /* Worker.cpp in Sources */ = {isa = PBXBuildFile; fileRef = 84A9B35827DD965100594CC6 /* Worker.cpp */; };
		84AC74D127F01BA8008099C5 /* winec.cpp in Sources */ = {isa = PBXBuildFile; fileRef = 84AC74CF27F01BA8008099C5 /* winec.cpp */; };
		84AF122327F951BB000FFBD9 /* Queue.cpp in Sources */ = {isa = PBXBuildFile; fileRef = 84AF122127F951BB000FFBD9 /* Queue.cpp */; };
		84C262D327B0D0CA00EAC8F7 /* mytime.cpp in Sources */ = {isa = PBXBuildFile; fileRef = 84C262D127B0D0CA00EAC8F7 /* mytime.cpp */; };
		84CA589527FA94DC0029255E /* error.cpp in Sources */ = {isa = PBXBuildFile; fileRef = 84CA589327FA94DC0029255E /* error.cpp */; };
		84CA589827FAEEEC0029255E /* newexcp.cpp in Sources */ = {isa = PBXBuildFile; fileRef = 84CA589627FAEEEC0029255E /* newexcp.cpp */; };
		84CA589B27FAF2000029255E /* sales.cpp in Sources */ = {isa = PBXBuildFile; fileRef = 84CA589927FAF2000029255E /* sales.cpp */; };
		84CFA89A27B5354200148A46 /* String.cpp in Sources */ = {isa = PBXBuildFile; fileRef = 84CFA89827B5354200148A46 /* String.cpp */; };
		84CFA89E27B6836F00148A46 /* placenew1.cpp in Sources */ = {isa = PBXBuildFile; fileRef = 84CFA89C27B6836F00148A46 /* placenew1.cpp */; };
		84D2E14F27C9E431001986B5 /* dma.cpp in Sources */ = {isa = PBXBuildFile; fileRef = 84D2E14D27C9E431001986B5 /* dma.cpp */; };
		84DEF9FA27CB2A5A002ED765 /* CD.cpp in Sources */ = {isa = PBXBuildFile; fileRef = 84DEF9F827CB2A5A002ED765 /* CD.cpp */; };
		84DEF9FD27CB78E4002ED765 /* Port.cpp in Sources */ = {isa = PBXBuildFile; fileRef = 84DEF9FB27CB78E4002ED765 /* Port.cpp */; };
		84EAED2F27F71FAA00DC781A /* Person.cpp in Sources */ = {isa = PBXBuildFile; fileRef = 84EAED2D27F71FAA00DC781A /* Person.cpp */; };
		84EAED3327F8722D00DC781A /* tv.cpp in Sources */ = {isa = PBXBuildFile; fileRef = 84EAED3127F8722D00DC781A /* tv.cpp */; };
		84EAED3827FDB60900DC781A /* RTTI.cpp in Sources */ = {isa = PBXBuildFile; fileRef = 84EAED3627FDB60900DC781A /* RTTI.cpp */; };
		84EAED3D27FF05BD00DC781A /* str1.cpp in Sources */ = {isa = PBXBuildFile; fileRef = 84EAED3B27FF05BD00DC781A /* str1.cpp */; };
		84F3B3AC27C0EE0F00F89516 /* acctabc.cpp in Sources */ = {isa = PBXBuildFile; fileRef = 84F3B3AA27C0EE0F00F89516 /* acctabc.cpp */; };
/* End PBXBuildFile section */

/* Begin PBXCopyFilesBuildPhase section */
		8454B009279EF21D00F15AC9 /* CopyFiles */ = {
			isa = PBXCopyFilesBuildPhase;
			buildActionMask = 2147483647;
			dstPath = /usr/share/man/man1/;
			dstSubfolderSpec = 0;
			files = (
			);
			runOnlyForDeploymentPostprocessing = 1;
		};
/* End PBXCopyFilesBuildPhase section */

/* Begin PBXFileReference section */
		8444229E27B7785400AC454A /* Queue.cpp */ = {isa = PBXFileReference; lastKnownFileType = sourcecode.cpp.cpp; path = Queue.cpp; sourceTree = "<group>"; };
		8444229F27B7785400AC454A /* Queue.h */ = {isa = PBXFileReference; lastKnownFileType = sourcecode.c.h; path = Queue.h; sourceTree = "<group>"; };
		844422A427B7C63600AC454A /* Cow.cpp */ = {isa = PBXFileReference; lastKnownFileType = sourcecode.cpp.cpp; path = Cow.cpp; sourceTree = "<group>"; };
		844422A527B7C63600AC454A /* Cow.h */ = {isa = PBXFileReference; lastKnownFileType = sourcecode.c.h; path = Cow.h; sourceTree = "<group>"; };
		844B14EA27A19AEC00BEA4D9 /* Stack.cpp */ = {isa = PBXFileReference; lastKnownFileType = sourcecode.cpp.cpp; path = Stack.cpp; sourceTree = "<group>"; };
		844B14EB27A19AEC00BEA4D9 /* Stack.h */ = {isa = PBXFileReference; lastKnownFileType = sourcecode.c.h; path = Stack.h; sourceTree = "<group>"; };
		8454B00B279EF21D00F15AC9 /* CppDemo */ = {isa = PBXFileReference; explicitFileType = "compiled.mach-o.executable"; includeInIndex = 0; path = CppDemo; sourceTree = BUILT_PRODUCTS_DIR; };
		8454B00E279EF21D00F15AC9 /* main.cpp */ = {isa = PBXFileReference; lastKnownFileType = sourcecode.cpp.cpp; path = main.cpp; sourceTree = "<group>"; };
		8454B015279EF24500F15AC9 /* Stock00.cpp */ = {isa = PBXFileReference; lastKnownFileType = sourcecode.cpp.cpp; path = Stock00.cpp; sourceTree = "<group>"; };
		8454B016279EF24500F15AC9 /* Stock00.h */ = {isa = PBXFileReference; lastKnownFileType = sourcecode.c.h; path = Stock00.h; sourceTree = "<group>"; };
		8457468027D4E88E00724BF2 /* Student.cpp */ = {isa = PBXFileReference; lastKnownFileType = sourcecode.cpp.cpp; path = Student.cpp; sourceTree = "<group>"; };
		8457468127D4E88E00724BF2 /* Student.h */ = {isa = PBXFileReference; lastKnownFileType = sourcecode.c.h; path = Student.h; sourceTree = "<group>"; };
		84591CCA27B2AD8C007FF8DA /* stringbad.cpp */ = {isa = PBXFileReference; lastKnownFileType = sourcecode.cpp.cpp; path = stringbad.cpp; sourceTree = "<group>"; };
		84591CCB27B2AD8C007FF8DA /* stringbad.h */ = {isa = PBXFileReference; lastKnownFileType = sourcecode.c.h; path = stringbad.h; sourceTree = "<group>"; };
		849FB9EA27EED79B00B601BE /* Wine.cpp */ = {isa = PBXFileReference; fileEncoding = 4; lastKnownFileType = sourcecode.cpp.cpp; path = Wine.cpp; sourceTree = "<group>"; };
		849FB9EB27EED79B00B601BE /* Wine.h */ = {isa = PBXFileReference; fileEncoding = 4; lastKnownFileType = sourcecode.c.h; path = Wine.h; sourceTree = "<group>"; };
		84A029BD27B8AA7500ECA48F /* tabtenn0.cpp */ = {isa = PBXFileReference; lastKnownFileType = sourcecode.cpp.cpp; path = tabtenn0.cpp; sourceTree = "<group>"; };
		84A029BE27B8AA7500ECA48F /* tabtenn0.h */ = {isa = PBXFileReference; lastKnownFileType = sourcecode.c.h; path = tabtenn0.h; sourceTree = "<group>"; };
		84A029C027B8CD7500ECA48F /* brass.cpp */ = {isa = PBXFileReference; lastKnownFileType = sourcecode.cpp.cpp; path = brass.cpp; sourceTree = "<group>"; };
		84A029C127B8CD7500ECA48F /* brass.h */ = {isa = PBXFileReference; lastKnownFileType = sourcecode.c.h; path = brass.h; sourceTree = "<group>"; };
		84A7A86C27DDEAA5001E2CD8 /* stcktp.cpp */ = {isa = PBXFileReference; lastKnownFileType = sourcecode.cpp.cpp; path = stcktp.cpp; sourceTree = "<group>"; };
		84A7A86D27DDEAA5001E2CD8 /* stcktp.h */ = {isa = PBXFileReference; lastKnownFileType = sourcecode.c.h; path = stcktp.h; sourceTree = "<group>"; };
		84A9B35827DD965100594CC6 /* Worker.cpp */ = {isa = PBXFileReference; lastKnownFileType = sourcecode.cpp.cpp; path = Worker.cpp; sourceTree = "<group>"; };
		84A9B35927DD965100594CC6 /* Worker.h */ = {isa = PBXFileReference; lastKnownFileType = sourcecode.c.h; path = Worker.h; sourceTree = "<group>"; };
		84AC74CF27F01BA8008099C5 /* winec.cpp */ = {isa = PBXFileReference; lastKnownFileType = sourcecode.cpp.cpp; path = winec.cpp; sourceTree = "<group>"; };
		84AC74D027F01BA8008099C5 /* winec.h */ = {isa = PBXFileReference; lastKnownFileType = sourcecode.c.h; path = winec.h; sourceTree = "<group>"; };
		84AF122127F951BB000FFBD9 /* Queue.cpp */ = {isa = PBXFileReference; lastKnownFileType = sourcecode.cpp.cpp; path = Queue.cpp; sourceTree = "<group>"; };
		84AF122227F951BB000FFBD9 /* Queue.h */ = {isa = PBXFileReference; lastKnownFileType = sourcecode.c.h; path = Queue.h; sourceTree = "<group>"; };
		84C262D127B0D0CA00EAC8F7 /* mytime.cpp */ = {isa = PBXFileReference; lastKnownFileType = sourcecode.cpp.cpp; path = mytime.cpp; sourceTree = "<group>"; };
		84C262D227B0D0CA00EAC8F7 /* mytime.h */ = {isa = PBXFileReference; lastKnownFileType = sourcecode.c.h; path = mytime.h; sourceTree = "<group>"; };
		84CA589327FA94DC0029255E /* error.cpp */ = {isa = PBXFileReference; lastKnownFileType = sourcecode.cpp.cpp; path = error.cpp; sourceTree = "<group>"; };
		84CA589427FA94DC0029255E /* error.h */ = {isa = PBXFileReference; lastKnownFileType = sourcecode.c.h; path = error.h; sourceTree = "<group>"; };
		84CA589627FAEEEC0029255E /* newexcp.cpp */ = {isa = PBXFileReference; lastKnownFileType = sourcecode.cpp.cpp; path = newexcp.cpp; sourceTree = "<group>"; };
		84CA589727FAEEEC0029255E /* newexcp.h */ = {isa = PBXFileReference; lastKnownFileType = sourcecode.c.h; path = newexcp.h; sourceTree = "<group>"; };
		84CA589927FAF2000029255E /* sales.cpp */ = {isa = PBXFileReference; lastKnownFileType = sourcecode.cpp.cpp; path = sales.cpp; sourceTree = "<group>"; };
		84CA589A27FAF2000029255E /* sales.h */ = {isa = PBXFileReference; lastKnownFileType = sourcecode.c.h; path = sales.h; sourceTree = "<group>"; };
		84CFA89827B5354200148A46 /* String.cpp */ = {isa = PBXFileReference; lastKnownFileType = sourcecode.cpp.cpp; path = String.cpp; sourceTree = "<group>"; };
		84CFA89927B5354200148A46 /* String.h */ = {isa = PBXFileReference; lastKnownFileType = sourcecode.c.h; path = String.h; sourceTree = "<group>"; };
		84CFA89C27B6836F00148A46 /* placenew1.cpp */ = {isa = PBXFileReference; lastKnownFileType = sourcecode.cpp.cpp; path = placenew1.cpp; sourceTree = "<group>"; };
		84CFA89D27B6836F00148A46 /* placenew1.h */ = {isa = PBXFileReference; lastKnownFileType = sourcecode.c.h; path = placenew1.h; sourceTree = "<group>"; };
		84D2E14D27C9E431001986B5 /* dma.cpp */ = {isa = PBXFileReference; lastKnownFileType = sourcecode.cpp.cpp; path = dma.cpp; sourceTree = "<group>"; };
		84D2E14E27C9E431001986B5 /* dma.h */ = {isa = PBXFileReference; lastKnownFileType = sourcecode.c.h; path = dma.h; sourceTree = "<group>"; };
		84DEF9F827CB2A5A002ED765 /* CD.cpp */ = {isa = PBXFileReference; lastKnownFileType = sourcecode.cpp.cpp; path = CD.cpp; sourceTree = "<group>"; };
		84DEF9F927CB2A5A002ED765 /* CD.h */ = {isa = PBXFileReference; lastKnownFileType = sourcecode.c.h; path = CD.h; sourceTree = "<group>"; };
		84DEF9FB27CB78E4002ED765 /* Port.cpp */ = {isa = PBXFileReference; lastKnownFileType = sourcecode.cpp.cpp; path = Port.cpp; sourceTree = "<group>"; };
		84DEF9FC27CB78E4002ED765 /* Port.h */ = {isa = PBXFileReference; lastKnownFileType = sourcecode.c.h; path = Port.h; sourceTree = "<group>"; };
		84EAED2D27F71FAA00DC781A /* Person.cpp */ = {isa = PBXFileReference; lastKnownFileType = sourcecode.cpp.cpp; path = Person.cpp; sourceTree = "<group>"; };
		84EAED2E27F71FAA00DC781A /* Person.h */ = {isa = PBXFileReference; lastKnownFileType = sourcecode.c.h; path = Person.h; sourceTree = "<group>"; };
		84EAED3127F8722D00DC781A /* tv.cpp */ = {isa = PBXFileReference; lastKnownFileType = sourcecode.cpp.cpp; path = tv.cpp; sourceTree = "<group>"; };
		84EAED3227F8722D00DC781A /* tv.h */ = {isa = PBXFileReference; lastKnownFileType = sourcecode.c.h; path = tv.h; sourceTree = "<group>"; };
		84EAED3627FDB60900DC781A /* RTTI.cpp */ = {isa = PBXFileReference; lastKnownFileType = sourcecode.cpp.cpp; path = RTTI.cpp; sourceTree = "<group>"; };
		84EAED3727FDB60900DC781A /* RTTI.h */ = {isa = PBXFileReference; lastKnownFileType = sourcecode.c.h; path = RTTI.h; sourceTree = "<group>"; };
		84EAED3B27FF05BD00DC781A /* str1.cpp */ = {isa = PBXFileReference; lastKnownFileType = sourcecode.cpp.cpp; path = str1.cpp; sourceTree = "<group>"; };
		84EAED3C27FF05BD00DC781A /* str1.h */ = {isa = PBXFileReference; lastKnownFileType = sourcecode.c.h; path = str1.h; sourceTree = "<group>"; };
		84F3B3AA27C0EE0F00F89516 /* acctabc.cpp */ = {isa = PBXFileReference; lastKnownFileType = sourcecode.cpp.cpp; path = acctabc.cpp; sourceTree = "<group>"; };
		84F3B3AB27C0EE0F00F89516 /* acctabc.h */ = {isa = PBXFileReference; lastKnownFileType = sourcecode.c.h; path = acctabc.h; sourceTree = "<group>"; };
/* End PBXFileReference section */

/* Begin PBXFrameworksBuildPhase section */
		8454B008279EF21D00F15AC9 /* Frameworks */ = {
			isa = PBXFrameworksBuildPhase;
			buildActionMask = 2147483647;
			files = (
			);
			runOnlyForDeploymentPostprocessing = 0;
		};
/* End PBXFrameworksBuildPhase section */

/* Begin PBXGroup section */
		8454B002279EF21D00F15AC9 = {
			isa = PBXGroup;
			children = (
				8454B00D279EF21D00F15AC9 /* CppDemo */,
				8454B00C279EF21D00F15AC9 /* Products */,
			);
			sourceTree = "<group>";
		};
		8454B00C279EF21D00F15AC9 /* Products */ = {
			isa = PBXGroup;
			children = (
				8454B00B279EF21D00F15AC9 /* CppDemo */,
			);
			name = Products;
			sourceTree = "<group>";
		};
		8454B00D279EF21D00F15AC9 /* CppDemo */ = {
			isa = PBXGroup;
			children = (
				84EAED3A27FF05AC00DC781A /* Chapter16 */,
				84EAED3027F8721B00DC781A /* Chapter15 */,
				8457467F27D4E87400724BF2 /* Chapter14 */,
				84A029BB27B8A9B100ECA48F /* Chapter12 */,
				84A029BC27B8AA2900ECA48F /* Chapter13 */,
				8454B00E279EF21D00F15AC9 /* main.cpp */,
			);
			path = CppDemo;
			sourceTree = "<group>";
		};
		8457467F27D4E87400724BF2 /* Chapter14 */ = {
			isa = PBXGroup;
			children = (
				84A7A86C27DDEAA5001E2CD8 /* stcktp.cpp */,
				84A7A86D27DDEAA5001E2CD8 /* stcktp.h */,
				8457468027D4E88E00724BF2 /* Student.cpp */,
				8457468127D4E88E00724BF2 /* Student.h */,
				849FB9EA27EED79B00B601BE /* Wine.cpp */,
				849FB9EB27EED79B00B601BE /* Wine.h */,
				84AC74CF27F01BA8008099C5 /* winec.cpp */,
				84AC74D027F01BA8008099C5 /* winec.h */,
				84A9B35827DD965100594CC6 /* Worker.cpp */,
				84A9B35927DD965100594CC6 /* Worker.h */,
				84EAED2D27F71FAA00DC781A /* Person.cpp */,
				84EAED2E27F71FAA00DC781A /* Person.h */,
				84AF122127F951BB000FFBD9 /* Queue.cpp */,
				84AF122227F951BB000FFBD9 /* Queue.h */,
			);
			path = Chapter14;
			sourceTree = "<group>";
		};
		84A029BB27B8A9B100ECA48F /* Chapter12 */ = {
			isa = PBXGroup;
			children = (
				844422A427B7C63600AC454A /* Cow.cpp */,
				844422A527B7C63600AC454A /* Cow.h */,
				84C262D127B0D0CA00EAC8F7 /* mytime.cpp */,
				84C262D227B0D0CA00EAC8F7 /* mytime.h */,
				84CFA89C27B6836F00148A46 /* placenew1.cpp */,
				84CFA89D27B6836F00148A46 /* placenew1.h */,
				8444229E27B7785400AC454A /* Queue.cpp */,
				8444229F27B7785400AC454A /* Queue.h */,
				844B14EA27A19AEC00BEA4D9 /* Stack.cpp */,
				844B14EB27A19AEC00BEA4D9 /* Stack.h */,
				8454B015279EF24500F15AC9 /* Stock00.cpp */,
				8454B016279EF24500F15AC9 /* Stock00.h */,
				84CFA89827B5354200148A46 /* String.cpp */,
				84CFA89927B5354200148A46 /* String.h */,
				84591CCA27B2AD8C007FF8DA /* stringbad.cpp */,
				84591CCB27B2AD8C007FF8DA /* stringbad.h */,
			);
			path = Chapter12;
			sourceTree = "<group>";
		};
		84A029BC27B8AA2900ECA48F /* Chapter13 */ = {
			isa = PBXGroup;
			children = (
				84F3B3AA27C0EE0F00F89516 /* acctabc.cpp */,
				84F3B3AB27C0EE0F00F89516 /* acctabc.h */,
				84A029C027B8CD7500ECA48F /* brass.cpp */,
				84A029C127B8CD7500ECA48F /* brass.h */,
				84DEF9F827CB2A5A002ED765 /* CD.cpp */,
				84DEF9F927CB2A5A002ED765 /* CD.h */,
				84D2E14D27C9E431001986B5 /* dma.cpp */,
				84D2E14E27C9E431001986B5 /* dma.h */,
				84DEF9FB27CB78E4002ED765 /* Port.cpp */,
				84DEF9FC27CB78E4002ED765 /* Port.h */,
				84A029BD27B8AA7500ECA48F /* tabtenn0.cpp */,
				84A029BE27B8AA7500ECA48F /* tabtenn0.h */,
			);
			path = Chapter13;
			sourceTree = "<group>";
		};
		84EAED3027F8721B00DC781A /* Chapter15 */ = {
			isa = PBXGroup;
			children = (
				84EAED3127F8722D00DC781A /* tv.cpp */,
				84EAED3227F8722D00DC781A /* tv.h */,
				84CA589327FA94DC0029255E /* error.cpp */,
				84CA589427FA94DC0029255E /* error.h */,
				84CA589627FAEEEC0029255E /* newexcp.cpp */,
				84CA589727FAEEEC0029255E /* newexcp.h */,
				84CA589927FAF2000029255E /* sales.cpp */,
				84CA589A27FAF2000029255E /* sales.h */,
				84EAED3627FDB60900DC781A /* RTTI.cpp */,
				84EAED3727FDB60900DC781A /* RTTI.h */,
			);
			path = Chapter15;
			sourceTree = "<group>";
		};
		84EAED3A27FF05AC00DC781A /* Chapter16 */ = {
			isa = PBXGroup;
			children = (
				84EAED3B27FF05BD00DC781A /* str1.cpp */,
				84EAED3C27FF05BD00DC781A /* str1.h */,
			);
			path = Chapter16;
			sourceTree = "<group>";
		};
/* End PBXGroup section */

/* Begin PBXNativeTarget section */
		8454B00A279EF21D00F15AC9 /* CppDemo */ = {
			isa = PBXNativeTarget;
			buildConfigurationList = 8454B012279EF21D00F15AC9 /* Build configuration list for PBXNativeTarget "CppDemo" */;
			buildPhases = (
				8454B007279EF21D00F15AC9 /* Sources */,
				8454B008279EF21D00F15AC9 /* Frameworks */,
				8454B009279EF21D00F15AC9 /* CopyFiles */,
			);
			buildRules = (
			);
			dependencies = (
			);
			name = CppDemo;
			productName = CppDemo;
			productReference = 8454B00B279EF21D00F15AC9 /* CppDemo */;
			productType = "com.apple.product-type.tool";
		};
/* End PBXNativeTarget section */

/* Begin PBXProject section */
		8454B003279EF21D00F15AC9 /* Project object */ = {
			isa = PBXProject;
			attributes = {
				LastUpgradeCheck = 1030;
				ORGANIZATIONNAME = tanzhikang;
				TargetAttributes = {
					8454B00A279EF21D00F15AC9 = {
						CreatedOnToolsVersion = 10.3;
					};
				};
			};
			buildConfigurationList = 8454B006279EF21D00F15AC9 /* Build configuration list for PBXProject "CppDemo" */;
			compatibilityVersion = "Xcode 9.3";
			developmentRegion = en;
			hasScannedForEncodings = 0;
			knownRegions = (
				en,
				Base,
			);
			mainGroup = 8454B002279EF21D00F15AC9;
			productRefGroup = 8454B00C279EF21D00F15AC9 /* Products */;
			projectDirPath = "";
			projectRoot = "";
			targets = (
				8454B00A279EF21D00F15AC9 /* CppDemo */,
			);
		};
/* End PBXProject section */

/* Begin PBXSourcesBuildPhase section */
		8454B007279EF21D00F15AC9 /* Sources */ = {
			isa = PBXSourcesBuildPhase;
			buildActionMask = 2147483647;
			files = (
				84EAED3827FDB60900DC781A /* RTTI.cpp in Sources */,
				84C262D327B0D0CA00EAC8F7 /* mytime.cpp in Sources */,
				84CA589827FAEEEC0029255E /* newexcp.cpp in Sources */,
				84EAED3D27FF05BD00DC781A /* str1.cpp in Sources */,
				84F3B3AC27C0EE0F00F89516 /* acctabc.cpp in Sources */,
				8454B017279EF24500F15AC9 /* Stock00.cpp in Sources */,
				8457468227D4E88E00724BF2 /* Student.cpp in Sources */,
				84A7A86E27DDEAA5001E2CD8 /* stcktp.cpp in Sources */,
				84AF122327F951BB000FFBD9 /* Queue.cpp in Sources */,
				84EAED3327F8722D00DC781A /* tv.cpp in Sources */,
				84591CCC27B2AD8C007FF8DA /* stringbad.cpp in Sources */,
				84DEF9FA27CB2A5A002ED765 /* CD.cpp in Sources */,
				8454B00F279EF21D00F15AC9 /* main.cpp in Sources */,
				84D2E14F27C9E431001986B5 /* dma.cpp in Sources */,
				84A029C227B8CD7500ECA48F /* brass.cpp in Sources */,
				84CFA89E27B6836F00148A46 /* placenew1.cpp in Sources */,
				849FB9ED27EED79B00B601BE /* Wine.cpp in Sources */,
				84A9B35A27DD965100594CC6 /* Worker.cpp in Sources */,
				84DEF9FD27CB78E4002ED765 /* Port.cpp in Sources */,
				84CFA89A27B5354200148A46 /* String.cpp in Sources */,
				84CA589B27FAF2000029255E /* sales.cpp in Sources */,
				844422A627B7C63600AC454A /* Cow.cpp in Sources */,
				84EAED2F27F71FAA00DC781A /* Person.cpp in Sources */,
				84AC74D127F01BA8008099C5 /* winec.cpp in Sources */,
				84CA589527FA94DC0029255E /* error.cpp in Sources */,
				844B14EC27A19AEC00BEA4D9 /* Stack.cpp in Sources */,
				844422A027B7785400AC454A /* Queue.cpp in Sources */,
				84A029BF27B8AA7500ECA48F /* tabtenn0.cpp in Sources */,
			);
			runOnlyForDeploymentPostprocessing = 0;
		};
/* End PBXSourcesBuildPhase section */

/* Begin XCBuildConfiguration section */
		8454B010279EF21D00F15AC9 /* Debug */ = {
			isa = XCBuildConfiguration;
			buildSettings = {
				ALWAYS_SEARCH_USER_PATHS = NO;
				CLANG_ANALYZER_NONNULL = YES;
				CLANG_ANALYZER_NUMBER_OBJECT_CONVERSION = YES_AGGRESSIVE;
				CLANG_CXX_LANGUAGE_STANDARD = "gnu++14";
				CLANG_CXX_LIBRARY = "libc++";
				CLANG_ENABLE_MODULES = YES;
				CLANG_ENABLE_OBJC_ARC = YES;
				CLANG_ENABLE_OBJC_WEAK = YES;
				CLANG_WARN_BLOCK_CAPTURE_AUTORELEASING = YES;
				CLANG_WARN_BOOL_CONVERSION = YES;
				CLANG_WARN_COMMA = YES;
				CLANG_WARN_CONSTANT_CONVERSION = YES;
				CLANG_WARN_DEPRECATED_OBJC_IMPLEMENTATIONS = YES;
				CLANG_WARN_DIRECT_OBJC_ISA_USAGE = YES_ERROR;
				CLANG_WARN_DOCUMENTATION_COMMENTS = YES;
				CLANG_WARN_EMPTY_BODY = YES;
				CLANG_WARN_ENUM_CONVERSION = YES;
				CLANG_WARN_INFINITE_RECURSION = YES;
				CLANG_WARN_INT_CONVERSION = YES;
				CLANG_WARN_NON_LITERAL_NULL_CONVERSION = YES;
				CLANG_WARN_OBJC_IMPLICIT_RETAIN_SELF = YES;
				CLANG_WARN_OBJC_LITERAL_CONVERSION = YES;
				CLANG_WARN_OBJC_ROOT_CLASS = YES_ERROR;
				CLANG_WARN_RANGE_LOOP_ANALYSIS = YES;
				CLANG_WARN_STRICT_PROTOTYPES = YES;
				CLANG_WARN_SUSPICIOUS_MOVE = YES;
				CLANG_WARN_UNGUARDED_AVAILABILITY = YES_AGGRESSIVE;
				CLANG_WARN_UNREACHABLE_CODE = YES;
				CLANG_WARN__DUPLICATE_METHOD_MATCH = YES;
				CODE_SIGN_IDENTITY = "-";
				COPY_PHASE_STRIP = NO;
				DEBUG_INFORMATION_FORMAT = dwarf;
				ENABLE_STRICT_OBJC_MSGSEND = YES;
				ENABLE_TESTABILITY = YES;
				GCC_C_LANGUAGE_STANDARD = gnu11;
				GCC_DYNAMIC_NO_PIC = NO;
				GCC_NO_COMMON_BLOCKS = YES;
				GCC_OPTIMIZATION_LEVEL = 0;
				GCC_PREPROCESSOR_DEFINITIONS = (
					"DEBUG=1",
					"$(inherited)",
				);
				GCC_WARN_64_TO_32_BIT_CONVERSION = YES;
				GCC_WARN_ABOUT_RETURN_TYPE = YES_ERROR;
				GCC_WARN_UNDECLARED_SELECTOR = YES;
				GCC_WARN_UNINITIALIZED_AUTOS = YES_AGGRESSIVE;
				GCC_WARN_UNUSED_FUNCTION = YES;
				GCC_WARN_UNUSED_VARIABLE = YES;
				MACOSX_DEPLOYMENT_TARGET = 10.15;
				MTL_ENABLE_DEBUG_INFO = INCLUDE_SOURCE;
				MTL_FAST_MATH = YES;
				ONLY_ACTIVE_ARCH = YES;
				SDKROOT = macosx;
			};
			name = Debug;
		};
		8454B011279EF21D00F15AC9 /* Release */ = {
			isa = XCBuildConfiguration;
			buildSettings = {
				ALWAYS_SEARCH_USER_PATHS = NO;
				CLANG_ANALYZER_NONNULL = YES;
				CLANG_ANALYZER_NUMBER_OBJECT_CONVERSION = YES_AGGRESSIVE;
				CLANG_CXX_LANGUAGE_STANDARD = "gnu++14";
				CLANG_CXX_LIBRARY = "libc++";
				CLANG_ENABLE_MODULES = YES;
				CLANG_ENABLE_OBJC_ARC = YES;
				CLANG_ENABLE_OBJC_WEAK = YES;
				CLANG_WARN_BLOCK_CAPTURE_AUTORELEASING = YES;
				CLANG_WARN_BOOL_CONVERSION = YES;
				CLANG_WARN_COMMA = YES;
				CLANG_WARN_CONSTANT_CONVERSION = YES;
				CLANG_WARN_DEPRECATED_OBJC_IMPLEMENTATIONS = YES;
				CLANG_WARN_DIRECT_OBJC_ISA_USAGE = YES_ERROR;
				CLANG_WARN_DOCUMENTATION_COMMENTS = YES;
				CLANG_WARN_EMPTY_BODY = YES;
				CLANG_WARN_ENUM_CONVERSION = YES;
				CLANG_WARN_INFINITE_RECURSION = YES;
				CLANG_WARN_INT_CONVERSION = YES;
				CLANG_WARN_NON_LITERAL_NULL_CONVERSION = YES;
				CLANG_WARN_OBJC_IMPLICIT_RETAIN_SELF = YES;
				CLANG_WARN_OBJC_LITERAL_CONVERSION = YES;
				CLANG_WARN_OBJC_ROOT_CLASS = YES_ERROR;
				CLANG_WARN_RANGE_LOOP_ANALYSIS = YES;
				CLANG_WARN_STRICT_PROTOTYPES = YES;
				CLANG_WARN_SUSPICIOUS_MOVE = YES;
				CLANG_WARN_UNGUARDED_AVAILABILITY = YES_AGGRESSIVE;
				CLANG_WARN_UNREACHABLE_CODE = YES;
				CLANG_WARN__DUPLICATE_METHOD_MATCH = YES;
				CODE_SIGN_IDENTITY = "-";
				COPY_PHASE_STRIP = NO;
				DEBUG_INFORMATION_FORMAT = "dwarf-with-dsym";
				ENABLE_NS_ASSERTIONS = NO;
				ENABLE_STRICT_OBJC_MSGSEND = YES;
				GCC_C_LANGUAGE_STANDARD = gnu11;
				GCC_NO_COMMON_BLOCKS = YES;
				GCC_WARN_64_TO_32_BIT_CONVERSION = YES;
				GCC_WARN_ABOUT_RETURN_TYPE = YES_ERROR;
				GCC_WARN_UNDECLARED_SELECTOR = YES;
				GCC_WARN_UNINITIALIZED_AUTOS = YES_AGGRESSIVE;
				GCC_WARN_UNUSED_FUNCTION = YES;
				GCC_WARN_UNUSED_VARIABLE = YES;
				MACOSX_DEPLOYMENT_TARGET = 10.15;
				MTL_ENABLE_DEBUG_INFO = NO;
				MTL_FAST_MATH = YES;
				SDKROOT = macosx;
			};
			name = Release;
		};
		8454B013279EF21D00F15AC9 /* Debug */ = {
			isa = XCBuildConfiguration;
			buildSettings = {
				CODE_SIGN_STYLE = Automatic;
				MACOSX_DEPLOYMENT_TARGET = 10.10;
				PRODUCT_NAME = "$(TARGET_NAME)";
			};
			name = Debug;
		};
		8454B014279EF21D00F15AC9 /* Release */ = {
			isa = XCBuildConfiguration;
			buildSettings = {
				CODE_SIGN_STYLE = Automatic;
				MACOSX_DEPLOYMENT_TARGET = 10.10;
				PRODUCT_NAME = "$(TARGET_NAME)";
			};
			name = Release;
		};
/* End XCBuildConfiguration section */

/* Begin XCConfigurationList section */
		8454B006279EF21D00F15AC9 /* Build configuration list for PBXProject "CppDemo" */ = {
			isa = XCConfigurationList;
			buildConfigurations = (
				8454B010279EF21D00F15AC9 /* Debug */,
				8454B011279EF21D00F15AC9 /* Release */,
			);
			defaultConfigurationIsVisible = 0;
			defaultConfigurationName = Release;
		};
		8454B012279EF21D00F15AC9 /* Build configuration list for PBXNativeTarget "CppDemo" */ = {
			isa = XCConfigurationList;
			buildConfigurations = (
				8454B013279EF21D00F15AC9 /* Debug */,
				8454B014279EF21D00F15AC9 /* Release */,
			);
			defaultConfigurationIsVisible = 0;
			defaultConfigurationName = Release;
		};
/* End XCConfigurationList section */
	};
	rootObject = 8454B003279EF21D00F15AC9 /* Project object */;
}
