// !$*UTF8*$!
{
	archiveVersion = 1;
	classes = {
	};
	objectVersion = 55;
	objects = {

/* Begin PBXBuildFile section */
		8449EC6D282AC720005FC931 /* iterator.cpp in Sources */ = {isa = PBXBuildFile; fileRef = 8449EC0C282AC71F005FC931 /* iterator.cpp */; };
		8449EC6E282AC720005FC931 /* Worker.cpp in Sources */ = {isa = PBXBuildFile; fileRef = 8449EC12282AC71F005FC931 /* Worker.cpp */; };
		8449EC6F282AC720005FC931 /* Student.cpp in Sources */ = {isa = PBXBuildFile; fileRef = 8449EC13282AC71F005FC931 /* Student.cpp */; };
		8449EC70282AC720005FC931 /* stcktp.cpp in Sources */ = {isa = PBXBuildFile; fileRef = 8449EC15282AC71F005FC931 /* stcktp.cpp */; };
		8449EC71282AC720005FC931 /* winec.cpp in Sources */ = {isa = PBXBuildFile; fileRef = 8449EC16282AC71F005FC931 /* winec.cpp */; };
		8449EC72282AC720005FC931 /* Wine.cpp in Sources */ = {isa = PBXBuildFile; fileRef = 8449EC18282AC71F005FC931 /* Wine.cpp */; };
		8449EC73282AC720005FC931 /* Queue01.cpp in Sources */ = {isa = PBXBuildFile; fileRef = 8449EC19282AC71F005FC931 /* Queue01.cpp */; };
		8449EC74282AC720005FC931 /* Person.cpp in Sources */ = {isa = PBXBuildFile; fileRef = 8449EC1B282AC71F005FC931 /* Person.cpp */; };
		8449EC75282AC720005FC931 /* error.cpp in Sources */ = {isa = PBXBuildFile; fileRef = 8449EC21282AC71F005FC931 /* error.cpp */; };
		8449EC76282AC720005FC931 /* RTTI.cpp in Sources */ = {isa = PBXBuildFile; fileRef = 8449EC23282AC71F005FC931 /* RTTI.cpp */; };
		8449EC77282AC720005FC931 /* newexcp.cpp in Sources */ = {isa = PBXBuildFile; fileRef = 8449EC25282AC71F005FC931 /* newexcp.cpp */; };
		8449EC78282AC720005FC931 /* sales.cpp in Sources */ = {isa = PBXBuildFile; fileRef = 8449EC27282AC71F005FC931 /* sales.cpp */; };
		8449EC79282AC720005FC931 /* tv.cpp in Sources */ = {isa = PBXBuildFile; fileRef = 8449EC28282AC71F005FC931 /* tv.cpp */; };
		8449EC7A282AC720005FC931 /* write.cpp in Sources */ = {isa = PBXBuildFile; fileRef = 8449EC2A282AC71F005FC931 /* write.cpp */; };
		8449EC7B282AC720005FC931 /* wrapped.cpp in Sources */ = {isa = PBXBuildFile; fileRef = 8449EC2D282AC71F005FC931 /* wrapped.cpp */; };
		8449EC7C282AC720005FC931 /* useless.cpp in Sources */ = {isa = PBXBuildFile; fileRef = 8449EC2E282AC71F005FC931 /* useless.cpp */; };
		8449EC7D282AC720005FC931 /* somedefs.cpp in Sources */ = {isa = PBXBuildFile; fileRef = 8449EC30282AC71F005FC931 /* somedefs.cpp */; };
		8449EC7E282AC720005FC931 /* Lambda.cpp in Sources */ = {isa = PBXBuildFile; fileRef = 8449EC31282AC71F005FC931 /* Lambda.cpp */; };
		8449EC7F282AC720005FC931 /* Someclass.cpp in Sources */ = {isa = PBXBuildFile; fileRef = 8449EC32282AC71F005FC931 /* Someclass.cpp */; };
		8449EC80282AC720005FC931 /* cpmv.cpp in Sources */ = {isa = PBXBuildFile; fileRef = 8449EC33282AC71F005FC931 /* cpmv.cpp */; };
		8449EC81282AC720005FC931 /* Notes.cpp in Sources */ = {isa = PBXBuildFile; fileRef = 8449EC35282AC71F005FC931 /* Notes.cpp */; };
		8449EC82282AC720005FC931 /* mytime.cpp in Sources */ = {isa = PBXBuildFile; fileRef = 8449EC3E282AC71F005FC931 /* mytime.cpp */; };
		8449EC83282AC720005FC931 /* Stock00.cpp in Sources */ = {isa = PBXBuildFile; fileRef = 8449EC40282AC71F005FC931 /* Stock00.cpp */; };
		8449EC84282AC720005FC931 /* String.cpp in Sources */ = {isa = PBXBuildFile; fileRef = 8449EC41282AC71F005FC931 /* String.cpp */; };
		8449EC85282AC720005FC931 /* Stack.cpp in Sources */ = {isa = PBXBuildFile; fileRef = 8449EC42282AC71F005FC931 /* Stack.cpp */; };
		8449EC86282AC720005FC931 /* stringbad.cpp in Sources */ = {isa = PBXBuildFile; fileRef = 8449EC43282AC71F005FC931 /* stringbad.cpp */; };
		8449EC87282AC720005FC931 /* Cow.cpp in Sources */ = {isa = PBXBuildFile; fileRef = 8449EC44282AC71F005FC931 /* Cow.cpp */; };
		8449EC88282AC720005FC931 /* Queue.cpp in Sources */ = {isa = PBXBuildFile; fileRef = 8449EC45282AC71F005FC931 /* Queue.cpp */; };
		8449EC89282AC720005FC931 /* placenew1.cpp in Sources */ = {isa = PBXBuildFile; fileRef = 8449EC49282AC71F005FC931 /* placenew1.cpp */; };
		8449EC8A282AC720005FC931 /* Example.cpp in Sources */ = {isa = PBXBuildFile; fileRef = 8449EC4E282AC71F005FC931 /* Example.cpp */; };
		8449EC8B282AC720005FC931 /* smartptrs.cpp in Sources */ = {isa = PBXBuildFile; fileRef = 8449EC51282AC720005FC931 /* smartptrs.cpp */; };
		8449EC8C282AC720005FC931 /* strgst.cpp in Sources */ = {isa = PBXBuildFile; fileRef = 8449EC52282AC720005FC931 /* strgst.cpp */; };
		8449EC8D282AC720005FC931 /* str1.cpp in Sources */ = {isa = PBXBuildFile; fileRef = 8449EC53282AC720005FC931 /* str1.cpp */; };
		8449EC8E282AC720005FC931 /* vect1.cpp in Sources */ = {isa = PBXBuildFile; fileRef = 8449EC55282AC720005FC931 /* vect1.cpp */; };
		8449EC8F282AC720005FC931 /* fowl.cpp in Sources */ = {isa = PBXBuildFile; fileRef = 8449EC58282AC720005FC931 /* fowl.cpp */; };
		8449EC90282AC720005FC931 /* funadap.cpp in Sources */ = {isa = PBXBuildFile; fileRef = 8449EC59282AC720005FC931 /* funadap.cpp */; };
		8449EC91282AC720005FC931 /* usealgo.cpp in Sources */ = {isa = PBXBuildFile; fileRef = 8449EC5C282AC720005FC931 /* usealgo.cpp */; };
		8449EC92282AC720005FC931 /* functor.cpp in Sources */ = {isa = PBXBuildFile; fileRef = 8449EC5F282AC720005FC931 /* functor.cpp */; };
		8449EC93282AC720005FC931 /* CD.cpp in Sources */ = {isa = PBXBuildFile; fileRef = 8449EC61282AC720005FC931 /* CD.cpp */; };
		8449EC94282AC720005FC931 /* tabtenn0.cpp in Sources */ = {isa = PBXBuildFile; fileRef = 8449EC63282AC720005FC931 /* tabtenn0.cpp */; };
		8449EC95282AC720005FC931 /* dma.cpp in Sources */ = {isa = PBXBuildFile; fileRef = 8449EC66282AC720005FC931 /* dma.cpp */; };
		8449EC96282AC720005FC931 /* brass.cpp in Sources */ = {isa = PBXBuildFile; fileRef = 8449EC69282AC720005FC931 /* brass.cpp */; };
		8449EC97282AC720005FC931 /* acctabc.cpp in Sources */ = {isa = PBXBuildFile; fileRef = 8449EC6A282AC720005FC931 /* acctabc.cpp */; };
		8449EC98282AC720005FC931 /* Port.cpp in Sources */ = {isa = PBXBuildFile; fileRef = 8449EC6C282AC720005FC931 /* Port.cpp */; };
		84D46B45282AC28200F3EFA5 /* main.cpp in Sources */ = {isa = PBXBuildFile; fileRef = 84D46B44282AC28200F3EFA5 /* main.cpp */; };
/* End PBXBuildFile section */

/* Begin PBXCopyFilesBuildPhase section */
		84D46B3F282AC28200F3EFA5 /* CopyFiles */ = {
			isa = PBXCopyFilesBuildPhase;
			buildActionMask = 2147483647;
			dstPath = /usr/share/man/man1/;
			dstSubfolderSpec = 0;
			files = (
			);
			runOnlyForDeploymentPostprocessing = 1;
		};
/* End PBXCopyFilesBuildPhase section */

/* Begin PBXFileReference section */
		8449EC0C282AC71F005FC931 /* iterator.cpp */ = {isa = PBXFileReference; fileEncoding = 4; lastKnownFileType = sourcecode.cpp.cpp; path = iterator.cpp; sourceTree = "<group>"; };
		8449EC0D282AC71F005FC931 /* type_traits.h */ = {isa = PBXFileReference; fileEncoding = 4; lastKnownFileType = sourcecode.c.h; path = type_traits.h; sourceTree = "<group>"; };
		8449EC0E282AC71F005FC931 /* iterator.h */ = {isa = PBXFileReference; fileEncoding = 4; lastKnownFileType = sourcecode.c.h; path = iterator.h; sourceTree = "<group>"; };
		8449EC10282AC71F005FC931 /* Person.h */ = {isa = PBXFileReference; fileEncoding = 4; lastKnownFileType = sourcecode.c.h; path = Person.h; sourceTree = "<group>"; };
		8449EC11282AC71F005FC931 /* Wine.h */ = {isa = PBXFileReference; fileEncoding = 4; lastKnownFileType = sourcecode.c.h; path = Wine.h; sourceTree = "<group>"; };
		8449EC12282AC71F005FC931 /* Worker.cpp */ = {isa = PBXFileReference; fileEncoding = 4; lastKnownFileType = sourcecode.cpp.cpp; path = Worker.cpp; sourceTree = "<group>"; };
		8449EC13282AC71F005FC931 /* Student.cpp */ = {isa = PBXFileReference; fileEncoding = 4; lastKnownFileType = sourcecode.cpp.cpp; path = Student.cpp; sourceTree = "<group>"; };
		8449EC14282AC71F005FC931 /* stcktp.h */ = {isa = PBXFileReference; fileEncoding = 4; lastKnownFileType = sourcecode.c.h; path = stcktp.h; sourceTree = "<group>"; };
		8449EC15282AC71F005FC931 /* stcktp.cpp */ = {isa = PBXFileReference; fileEncoding = 4; lastKnownFileType = sourcecode.cpp.cpp; path = stcktp.cpp; sourceTree = "<group>"; };
		8449EC16282AC71F005FC931 /* winec.cpp */ = {isa = PBXFileReference; fileEncoding = 4; lastKnownFileType = sourcecode.cpp.cpp; path = winec.cpp; sourceTree = "<group>"; };
		8449EC17282AC71F005FC931 /* Worker.h */ = {isa = PBXFileReference; fileEncoding = 4; lastKnownFileType = sourcecode.c.h; path = Worker.h; sourceTree = "<group>"; };
		8449EC18282AC71F005FC931 /* Wine.cpp */ = {isa = PBXFileReference; fileEncoding = 4; lastKnownFileType = sourcecode.cpp.cpp; path = Wine.cpp; sourceTree = "<group>"; };
		8449EC19282AC71F005FC931 /* Queue01.cpp */ = {isa = PBXFileReference; fileEncoding = 4; lastKnownFileType = sourcecode.cpp.cpp; path = Queue01.cpp; sourceTree = "<group>"; };
		8449EC1A282AC71F005FC931 /* winec.h */ = {isa = PBXFileReference; fileEncoding = 4; lastKnownFileType = sourcecode.c.h; path = winec.h; sourceTree = "<group>"; };
		8449EC1B282AC71F005FC931 /* Person.cpp */ = {isa = PBXFileReference; fileEncoding = 4; lastKnownFileType = sourcecode.cpp.cpp; path = Person.cpp; sourceTree = "<group>"; };
		8449EC1C282AC71F005FC931 /* Queue01.h */ = {isa = PBXFileReference; fileEncoding = 4; lastKnownFileType = sourcecode.c.h; path = Queue01.h; sourceTree = "<group>"; };
		8449EC1D282AC71F005FC931 /* Student.h */ = {isa = PBXFileReference; fileEncoding = 4; lastKnownFileType = sourcecode.c.h; path = Student.h; sourceTree = "<group>"; };
		8449EC1F282AC71F005FC931 /* error.h */ = {isa = PBXFileReference; fileEncoding = 4; lastKnownFileType = sourcecode.c.h; path = error.h; sourceTree = "<group>"; };
		8449EC20282AC71F005FC931 /* RTTI.h */ = {isa = PBXFileReference; fileEncoding = 4; lastKnownFileType = sourcecode.c.h; path = RTTI.h; sourceTree = "<group>"; };
		8449EC21282AC71F005FC931 /* error.cpp */ = {isa = PBXFileReference; fileEncoding = 4; lastKnownFileType = sourcecode.cpp.cpp; path = error.cpp; sourceTree = "<group>"; };
		8449EC22282AC71F005FC931 /* tv.h */ = {isa = PBXFileReference; fileEncoding = 4; lastKnownFileType = sourcecode.c.h; path = tv.h; sourceTree = "<group>"; };
		8449EC23282AC71F005FC931 /* RTTI.cpp */ = {isa = PBXFileReference; fileEncoding = 4; lastKnownFileType = sourcecode.cpp.cpp; path = RTTI.cpp; sourceTree = "<group>"; };
		8449EC24282AC71F005FC931 /* newexcp.h */ = {isa = PBXFileReference; fileEncoding = 4; lastKnownFileType = sourcecode.c.h; path = newexcp.h; sourceTree = "<group>"; };
		8449EC25282AC71F005FC931 /* newexcp.cpp */ = {isa = PBXFileReference; fileEncoding = 4; lastKnownFileType = sourcecode.cpp.cpp; path = newexcp.cpp; sourceTree = "<group>"; };
		8449EC26282AC71F005FC931 /* sales.h */ = {isa = PBXFileReference; fileEncoding = 4; lastKnownFileType = sourcecode.c.h; path = sales.h; sourceTree = "<group>"; };
		8449EC27282AC71F005FC931 /* sales.cpp */ = {isa = PBXFileReference; fileEncoding = 4; lastKnownFileType = sourcecode.cpp.cpp; path = sales.cpp; sourceTree = "<group>"; };
		8449EC28282AC71F005FC931 /* tv.cpp */ = {isa = PBXFileReference; fileEncoding = 4; lastKnownFileType = sourcecode.cpp.cpp; path = tv.cpp; sourceTree = "<group>"; };
		8449EC2A282AC71F005FC931 /* write.cpp */ = {isa = PBXFileReference; fileEncoding = 4; lastKnownFileType = sourcecode.cpp.cpp; path = write.cpp; sourceTree = "<group>"; };
		8449EC2B282AC71F005FC931 /* write.h */ = {isa = PBXFileReference; fileEncoding = 4; lastKnownFileType = sourcecode.c.h; path = write.h; sourceTree = "<group>"; };
		8449EC2D282AC71F005FC931 /* wrapped.cpp */ = {isa = PBXFileReference; fileEncoding = 4; lastKnownFileType = sourcecode.cpp.cpp; path = wrapped.cpp; sourceTree = "<group>"; };
		8449EC2E282AC71F005FC931 /* useless.cpp */ = {isa = PBXFileReference; fileEncoding = 4; lastKnownFileType = sourcecode.cpp.cpp; path = useless.cpp; sourceTree = "<group>"; };
		8449EC2F282AC71F005FC931 /* wrapped.h */ = {isa = PBXFileReference; fileEncoding = 4; lastKnownFileType = sourcecode.c.h; path = wrapped.h; sourceTree = "<group>"; };
		8449EC30282AC71F005FC931 /* somedefs.cpp */ = {isa = PBXFileReference; fileEncoding = 4; lastKnownFileType = sourcecode.cpp.cpp; path = somedefs.cpp; sourceTree = "<group>"; };
		8449EC31282AC71F005FC931 /* Lambda.cpp */ = {isa = PBXFileReference; fileEncoding = 4; lastKnownFileType = sourcecode.cpp.cpp; path = Lambda.cpp; sourceTree = "<group>"; };
		8449EC32282AC71F005FC931 /* Someclass.cpp */ = {isa = PBXFileReference; fileEncoding = 4; lastKnownFileType = sourcecode.cpp.cpp; path = Someclass.cpp; sourceTree = "<group>"; };
		8449EC33282AC71F005FC931 /* cpmv.cpp */ = {isa = PBXFileReference; fileEncoding = 4; lastKnownFileType = sourcecode.cpp.cpp; path = cpmv.cpp; sourceTree = "<group>"; };
		8449EC34282AC71F005FC931 /* Lambda.h */ = {isa = PBXFileReference; fileEncoding = 4; lastKnownFileType = sourcecode.c.h; path = Lambda.h; sourceTree = "<group>"; };
		8449EC35282AC71F005FC931 /* Notes.cpp */ = {isa = PBXFileReference; fileEncoding = 4; lastKnownFileType = sourcecode.cpp.cpp; path = Notes.cpp; sourceTree = "<group>"; };
		8449EC36282AC71F005FC931 /* Notes.h */ = {isa = PBXFileReference; fileEncoding = 4; lastKnownFileType = sourcecode.c.h; path = Notes.h; sourceTree = "<group>"; };
		8449EC37282AC71F005FC931 /* cpmv.h */ = {isa = PBXFileReference; fileEncoding = 4; lastKnownFileType = sourcecode.c.h; path = cpmv.h; sourceTree = "<group>"; };
		8449EC38282AC71F005FC931 /* Someclass.h */ = {isa = PBXFileReference; fileEncoding = 4; lastKnownFileType = sourcecode.c.h; path = Someclass.h; sourceTree = "<group>"; };
		8449EC39282AC71F005FC931 /* useless.h */ = {isa = PBXFileReference; fileEncoding = 4; lastKnownFileType = sourcecode.c.h; path = useless.h; sourceTree = "<group>"; };
		8449EC3A282AC71F005FC931 /* somedefs.h */ = {isa = PBXFileReference; fileEncoding = 4; lastKnownFileType = sourcecode.c.h; path = somedefs.h; sourceTree = "<group>"; };
		8449EC3C282AC71F005FC931 /* Stock00.h */ = {isa = PBXFileReference; fileEncoding = 4; lastKnownFileType = sourcecode.c.h; path = Stock00.h; sourceTree = "<group>"; };
		8449EC3D282AC71F005FC931 /* stringbad.h */ = {isa = PBXFileReference; fileEncoding = 4; lastKnownFileType = sourcecode.c.h; path = stringbad.h; sourceTree = "<group>"; };
		8449EC3E282AC71F005FC931 /* mytime.cpp */ = {isa = PBXFileReference; fileEncoding = 4; lastKnownFileType = sourcecode.cpp.cpp; path = mytime.cpp; sourceTree = "<group>"; };
		8449EC3F282AC71F005FC931 /* mytime.h */ = {isa = PBXFileReference; fileEncoding = 4; lastKnownFileType = sourcecode.c.h; path = mytime.h; sourceTree = "<group>"; };
		8449EC40282AC71F005FC931 /* Stock00.cpp */ = {isa = PBXFileReference; fileEncoding = 4; lastKnownFileType = sourcecode.cpp.cpp; path = Stock00.cpp; sourceTree = "<group>"; };
		8449EC41282AC71F005FC931 /* String.cpp */ = {isa = PBXFileReference; fileEncoding = 4; lastKnownFileType = sourcecode.cpp.cpp; path = String.cpp; sourceTree = "<group>"; };
		8449EC42282AC71F005FC931 /* Stack.cpp */ = {isa = PBXFileReference; fileEncoding = 4; lastKnownFileType = sourcecode.cpp.cpp; path = Stack.cpp; sourceTree = "<group>"; };
		8449EC43282AC71F005FC931 /* stringbad.cpp */ = {isa = PBXFileReference; fileEncoding = 4; lastKnownFileType = sourcecode.cpp.cpp; path = stringbad.cpp; sourceTree = "<group>"; };
		8449EC44282AC71F005FC931 /* Cow.cpp */ = {isa = PBXFileReference; fileEncoding = 4; lastKnownFileType = sourcecode.cpp.cpp; path = Cow.cpp; sourceTree = "<group>"; };
		8449EC45282AC71F005FC931 /* Queue.cpp */ = {isa = PBXFileReference; fileEncoding = 4; lastKnownFileType = sourcecode.cpp.cpp; path = Queue.cpp; sourceTree = "<group>"; };
		8449EC46282AC71F005FC931 /* Stack.h */ = {isa = PBXFileReference; fileEncoding = 4; lastKnownFileType = sourcecode.c.h; path = Stack.h; sourceTree = "<group>"; };
		8449EC47282AC71F005FC931 /* placenew1.h */ = {isa = PBXFileReference; fileEncoding = 4; lastKnownFileType = sourcecode.c.h; path = placenew1.h; sourceTree = "<group>"; };
		8449EC48282AC71F005FC931 /* Cow.h */ = {isa = PBXFileReference; fileEncoding = 4; lastKnownFileType = sourcecode.c.h; path = Cow.h; sourceTree = "<group>"; };
		8449EC49282AC71F005FC931 /* placenew1.cpp */ = {isa = PBXFileReference; fileEncoding = 4; lastKnownFileType = sourcecode.cpp.cpp; path = placenew1.cpp; sourceTree = "<group>"; };
		8449EC4A282AC71F005FC931 /* Queue.h */ = {isa = PBXFileReference; fileEncoding = 4; lastKnownFileType = sourcecode.c.h; path = Queue.h; sourceTree = "<group>"; };
		8449EC4B282AC71F005FC931 /* String.h */ = {isa = PBXFileReference; fileEncoding = 4; lastKnownFileType = sourcecode.c.h; path = String.h; sourceTree = "<group>"; };
		8449EC4D282AC71F005FC931 /* Example.h */ = {isa = PBXFileReference; fileEncoding = 4; lastKnownFileType = sourcecode.c.h; path = Example.h; sourceTree = "<group>"; };
		8449EC4E282AC71F005FC931 /* Example.cpp */ = {isa = PBXFileReference; fileEncoding = 4; lastKnownFileType = sourcecode.cpp.cpp; path = Example.cpp; sourceTree = "<group>"; };
		8449EC50282AC720005FC931 /* vect1.h */ = {isa = PBXFileReference; fileEncoding = 4; lastKnownFileType = sourcecode.c.h; path = vect1.h; sourceTree = "<group>"; };
		8449EC51282AC720005FC931 /* smartptrs.cpp */ = {isa = PBXFileReference; fileEncoding = 4; lastKnownFileType = sourcecode.cpp.cpp; path = smartptrs.cpp; sourceTree = "<group>"; };
		8449EC52282AC720005FC931 /* strgst.cpp */ = {isa = PBXFileReference; fileEncoding = 4; lastKnownFileType = sourcecode.cpp.cpp; path = strgst.cpp; sourceTree = "<group>"; };
		8449EC53282AC720005FC931 /* str1.cpp */ = {isa = PBXFileReference; fileEncoding = 4; lastKnownFileType = sourcecode.cpp.cpp; path = str1.cpp; sourceTree = "<group>"; };
		8449EC54282AC720005FC931 /* smartptrs.h */ = {isa = PBXFileReference; fileEncoding = 4; lastKnownFileType = sourcecode.c.h; path = smartptrs.h; sourceTree = "<group>"; };
		8449EC55282AC720005FC931 /* vect1.cpp */ = {isa = PBXFileReference; fileEncoding = 4; lastKnownFileType = sourcecode.cpp.cpp; path = vect1.cpp; sourceTree = "<group>"; };
		8449EC56282AC720005FC931 /* str1.h */ = {isa = PBXFileReference; fileEncoding = 4; lastKnownFileType = sourcecode.c.h; path = str1.h; sourceTree = "<group>"; };
		8449EC57282AC720005FC931 /* functor.h */ = {isa = PBXFileReference; fileEncoding = 4; lastKnownFileType = sourcecode.c.h; path = functor.h; sourceTree = "<group>"; };
		8449EC58282AC720005FC931 /* fowl.cpp */ = {isa = PBXFileReference; fileEncoding = 4; lastKnownFileType = sourcecode.cpp.cpp; path = fowl.cpp; sourceTree = "<group>"; };
		8449EC59282AC720005FC931 /* funadap.cpp */ = {isa = PBXFileReference; fileEncoding = 4; lastKnownFileType = sourcecode.cpp.cpp; path = funadap.cpp; sourceTree = "<group>"; };
		8449EC5A282AC720005FC931 /* usealgo.h */ = {isa = PBXFileReference; fileEncoding = 4; lastKnownFileType = sourcecode.c.h; path = usealgo.h; sourceTree = "<group>"; };
		8449EC5B282AC720005FC931 /* funadap.h */ = {isa = PBXFileReference; fileEncoding = 4; lastKnownFileType = sourcecode.c.h; path = funadap.h; sourceTree = "<group>"; };
		8449EC5C282AC720005FC931 /* usealgo.cpp */ = {isa = PBXFileReference; fileEncoding = 4; lastKnownFileType = sourcecode.cpp.cpp; path = usealgo.cpp; sourceTree = "<group>"; };
		8449EC5D282AC720005FC931 /* strgst.h */ = {isa = PBXFileReference; fileEncoding = 4; lastKnownFileType = sourcecode.c.h; path = strgst.h; sourceTree = "<group>"; };
		8449EC5E282AC720005FC931 /* fowl.h */ = {isa = PBXFileReference; fileEncoding = 4; lastKnownFileType = sourcecode.c.h; path = fowl.h; sourceTree = "<group>"; };
		8449EC5F282AC720005FC931 /* functor.cpp */ = {isa = PBXFileReference; fileEncoding = 4; lastKnownFileType = sourcecode.cpp.cpp; path = functor.cpp; sourceTree = "<group>"; };
		8449EC61282AC720005FC931 /* CD.cpp */ = {isa = PBXFileReference; fileEncoding = 4; lastKnownFileType = sourcecode.cpp.cpp; path = CD.cpp; sourceTree = "<group>"; };
		8449EC62282AC720005FC931 /* dma.h */ = {isa = PBXFileReference; fileEncoding = 4; lastKnownFileType = sourcecode.c.h; path = dma.h; sourceTree = "<group>"; };
		8449EC63282AC720005FC931 /* tabtenn0.cpp */ = {isa = PBXFileReference; fileEncoding = 4; lastKnownFileType = sourcecode.cpp.cpp; path = tabtenn0.cpp; sourceTree = "<group>"; };
		8449EC64282AC720005FC931 /* Port.h */ = {isa = PBXFileReference; fileEncoding = 4; lastKnownFileType = sourcecode.c.h; path = Port.h; sourceTree = "<group>"; };
		8449EC65282AC720005FC931 /* CD.h */ = {isa = PBXFileReference; fileEncoding = 4; lastKnownFileType = sourcecode.c.h; path = CD.h; sourceTree = "<group>"; };
		8449EC66282AC720005FC931 /* dma.cpp */ = {isa = PBXFileReference; fileEncoding = 4; lastKnownFileType = sourcecode.cpp.cpp; path = dma.cpp; sourceTree = "<group>"; };
		8449EC67282AC720005FC931 /* acctabc.h */ = {isa = PBXFileReference; fileEncoding = 4; lastKnownFileType = sourcecode.c.h; path = acctabc.h; sourceTree = "<group>"; };
		8449EC68282AC720005FC931 /* brass.h */ = {isa = PBXFileReference; fileEncoding = 4; lastKnownFileType = sourcecode.c.h; path = brass.h; sourceTree = "<group>"; };
		8449EC69282AC720005FC931 /* brass.cpp */ = {isa = PBXFileReference; fileEncoding = 4; lastKnownFileType = sourcecode.cpp.cpp; path = brass.cpp; sourceTree = "<group>"; };
		8449EC6A282AC720005FC931 /* acctabc.cpp */ = {isa = PBXFileReference; fileEncoding = 4; lastKnownFileType = sourcecode.cpp.cpp; path = acctabc.cpp; sourceTree = "<group>"; };
		8449EC6B282AC720005FC931 /* tabtenn0.h */ = {isa = PBXFileReference; fileEncoding = 4; lastKnownFileType = sourcecode.c.h; path = tabtenn0.h; sourceTree = "<group>"; };
		8449EC6C282AC720005FC931 /* Port.cpp */ = {isa = PBXFileReference; fileEncoding = 4; lastKnownFileType = sourcecode.cpp.cpp; path = Port.cpp; sourceTree = "<group>"; };
		84D46B41282AC28200F3EFA5 /* CppDemo */ = {isa = PBXFileReference; explicitFileType = "compiled.mach-o.executable"; includeInIndex = 0; path = CppDemo; sourceTree = BUILT_PRODUCTS_DIR; };
		84D46B44282AC28200F3EFA5 /* main.cpp */ = {isa = PBXFileReference; lastKnownFileType = sourcecode.cpp.cpp; path = main.cpp; sourceTree = "<group>"; };
/* End PBXFileReference section */

/* Begin PBXFrameworksBuildPhase section */
		84D46B3E282AC28200F3EFA5 /* Frameworks */ = {
			isa = PBXFrameworksBuildPhase;
			buildActionMask = 2147483647;
			files = (
			);
			runOnlyForDeploymentPostprocessing = 0;
		};
/* End PBXFrameworksBuildPhase section */

/* Begin PBXGroup section */
		8449EC0B282AC71F005FC931 /* mySTL */ = {
			isa = PBXGroup;
			children = (
				8449EC0C282AC71F005FC931 /* iterator.cpp */,
				8449EC0E282AC71F005FC931 /* iterator.h */,
				8449EC0D282AC71F005FC931 /* type_traits.h */,
			);
			path = mySTL;
			sourceTree = "<group>";
		};
		8449EC0F282AC71F005FC931 /* Chapter14 */ = {
			isa = PBXGroup;
			children = (
				8449EC1B282AC71F005FC931 /* Person.cpp */,
				8449EC10282AC71F005FC931 /* Person.h */,
				8449EC19282AC71F005FC931 /* Queue01.cpp */,
				8449EC1C282AC71F005FC931 /* Queue01.h */,
				8449EC15282AC71F005FC931 /* stcktp.cpp */,
				8449EC14282AC71F005FC931 /* stcktp.h */,
				8449EC13282AC71F005FC931 /* Student.cpp */,
				8449EC1D282AC71F005FC931 /* Student.h */,
				8449EC18282AC71F005FC931 /* Wine.cpp */,
				8449EC11282AC71F005FC931 /* Wine.h */,
				8449EC16282AC71F005FC931 /* winec.cpp */,
				8449EC1A282AC71F005FC931 /* winec.h */,
				8449EC12282AC71F005FC931 /* Worker.cpp */,
				8449EC17282AC71F005FC931 /* Worker.h */,
			);
			path = Chapter14;
			sourceTree = "<group>";
		};
		8449EC1E282AC71F005FC931 /* Chapter15 */ = {
			isa = PBXGroup;
			children = (
				8449EC21282AC71F005FC931 /* error.cpp */,
				8449EC1F282AC71F005FC931 /* error.h */,
				8449EC25282AC71F005FC931 /* newexcp.cpp */,
				8449EC24282AC71F005FC931 /* newexcp.h */,
				8449EC23282AC71F005FC931 /* RTTI.cpp */,
				8449EC20282AC71F005FC931 /* RTTI.h */,
				8449EC27282AC71F005FC931 /* sales.cpp */,
				8449EC26282AC71F005FC931 /* sales.h */,
				8449EC28282AC71F005FC931 /* tv.cpp */,
				8449EC22282AC71F005FC931 /* tv.h */,
			);
			path = Chapter15;
			sourceTree = "<group>";
		};
		8449EC29282AC71F005FC931 /* Chapter17 */ = {
			isa = PBXGroup;
			children = (
				8449EC2A282AC71F005FC931 /* write.cpp */,
				8449EC2B282AC71F005FC931 /* write.h */,
			);
			path = Chapter17;
			sourceTree = "<group>";
		};
		8449EC2C282AC71F005FC931 /* Chapter18 */ = {
			isa = PBXGroup;
			children = (
				8449EC33282AC71F005FC931 /* cpmv.cpp */,
				8449EC37282AC71F005FC931 /* cpmv.h */,
				8449EC31282AC71F005FC931 /* Lambda.cpp */,
				8449EC34282AC71F005FC931 /* Lambda.h */,
				8449EC35282AC71F005FC931 /* Notes.cpp */,
				8449EC36282AC71F005FC931 /* Notes.h */,
				8449EC32282AC71F005FC931 /* Someclass.cpp */,
				8449EC38282AC71F005FC931 /* Someclass.h */,
				8449EC30282AC71F005FC931 /* somedefs.cpp */,
				8449EC3A282AC71F005FC931 /* somedefs.h */,
				8449EC2E282AC71F005FC931 /* useless.cpp */,
				8449EC39282AC71F005FC931 /* useless.h */,
				8449EC2D282AC71F005FC931 /* wrapped.cpp */,
				8449EC2F282AC71F005FC931 /* wrapped.h */,
			);
			path = Chapter18;
			sourceTree = "<group>";
		};
		8449EC3B282AC71F005FC931 /* Chapter12 */ = {
			isa = PBXGroup;
			children = (
				8449EC44282AC71F005FC931 /* Cow.cpp */,
				8449EC48282AC71F005FC931 /* Cow.h */,
				8449EC3E282AC71F005FC931 /* mytime.cpp */,
				8449EC3F282AC71F005FC931 /* mytime.h */,
				8449EC49282AC71F005FC931 /* placenew1.cpp */,
				8449EC47282AC71F005FC931 /* placenew1.h */,
				8449EC45282AC71F005FC931 /* Queue.cpp */,
				8449EC4A282AC71F005FC931 /* Queue.h */,
				8449EC42282AC71F005FC931 /* Stack.cpp */,
				8449EC46282AC71F005FC931 /* Stack.h */,
				8449EC40282AC71F005FC931 /* Stock00.cpp */,
				8449EC3C282AC71F005FC931 /* Stock00.h */,
				8449EC41282AC71F005FC931 /* String.cpp */,
				8449EC4B282AC71F005FC931 /* String.h */,
				8449EC43282AC71F005FC931 /* stringbad.cpp */,
				8449EC3D282AC71F005FC931 /* stringbad.h */,
			);
			path = Chapter12;
			sourceTree = "<group>";
		};
		8449EC4C282AC71F005FC931 /* Appendix */ = {
			isa = PBXGroup;
			children = (
				8449EC4E282AC71F005FC931 /* Example.cpp */,
				8449EC4D282AC71F005FC931 /* Example.h */,
			);
			path = Appendix;
			sourceTree = "<group>";
		};
		8449EC4F282AC720005FC931 /* Chapter16 */ = {
			isa = PBXGroup;
			children = (
				8449EC58282AC720005FC931 /* fowl.cpp */,
				8449EC5E282AC720005FC931 /* fowl.h */,
				8449EC59282AC720005FC931 /* funadap.cpp */,
				8449EC5B282AC720005FC931 /* funadap.h */,
				8449EC5F282AC720005FC931 /* functor.cpp */,
				8449EC57282AC720005FC931 /* functor.h */,
				8449EC51282AC720005FC931 /* smartptrs.cpp */,
				8449EC54282AC720005FC931 /* smartptrs.h */,
				8449EC53282AC720005FC931 /* str1.cpp */,
				8449EC56282AC720005FC931 /* str1.h */,
				8449EC52282AC720005FC931 /* strgst.cpp */,
				8449EC5D282AC720005FC931 /* strgst.h */,
				8449EC5C282AC720005FC931 /* usealgo.cpp */,
				8449EC5A282AC720005FC931 /* usealgo.h */,
				8449EC55282AC720005FC931 /* vect1.cpp */,
				8449EC50282AC720005FC931 /* vect1.h */,
			);
			path = Chapter16;
			sourceTree = "<group>";
		};
		8449EC60282AC720005FC931 /* Chapter13 */ = {
			isa = PBXGroup;
			children = (
				8449EC6A282AC720005FC931 /* acctabc.cpp */,
				8449EC67282AC720005FC931 /* acctabc.h */,
				8449EC69282AC720005FC931 /* brass.cpp */,
				8449EC68282AC720005FC931 /* brass.h */,
				8449EC61282AC720005FC931 /* CD.cpp */,
				8449EC65282AC720005FC931 /* CD.h */,
				8449EC66282AC720005FC931 /* dma.cpp */,
				8449EC62282AC720005FC931 /* dma.h */,
				8449EC6C282AC720005FC931 /* Port.cpp */,
				8449EC64282AC720005FC931 /* Port.h */,
				8449EC63282AC720005FC931 /* tabtenn0.cpp */,
				8449EC6B282AC720005FC931 /* tabtenn0.h */,
			);
			path = Chapter13;
			sourceTree = "<group>";
		};
		84D46B38282AC28200F3EFA5 = {
			isa = PBXGroup;
			children = (
				84D46B43282AC28200F3EFA5 /* CppDemo */,
				84D46B42282AC28200F3EFA5 /* Products */,
			);
			sourceTree = "<group>";
		};
		84D46B42282AC28200F3EFA5 /* Products */ = {
			isa = PBXGroup;
			children = (
				84D46B41282AC28200F3EFA5 /* CppDemo */,
			);
			name = Products;
			sourceTree = "<group>";
		};
		84D46B43282AC28200F3EFA5 /* CppDemo */ = {
			isa = PBXGroup;
			children = (
				8449EC4C282AC71F005FC931 /* Appendix */,
				8449EC3B282AC71F005FC931 /* Chapter12 */,
				8449EC60282AC720005FC931 /* Chapter13 */,
				8449EC0F282AC71F005FC931 /* Chapter14 */,
				8449EC1E282AC71F005FC931 /* Chapter15 */,
				8449EC4F282AC720005FC931 /* Chapter16 */,
				8449EC29282AC71F005FC931 /* Chapter17 */,
				8449EC2C282AC71F005FC931 /* Chapter18 */,
				8449EC0B282AC71F005FC931 /* mySTL */,
				84D46B44282AC28200F3EFA5 /* main.cpp */,
			);
			path = CppDemo;
			sourceTree = "<group>";
		};
/* End PBXGroup section */

/* Begin PBXNativeTarget section */
		84D46B40282AC28200F3EFA5 /* CppDemo */ = {
			isa = PBXNativeTarget;
			buildConfigurationList = 84D46B48282AC28200F3EFA5 /* Build configuration list for PBXNativeTarget "CppDemo" */;
			buildPhases = (
				84D46B3D282AC28200F3EFA5 /* Sources */,
				84D46B3E282AC28200F3EFA5 /* Frameworks */,
				84D46B3F282AC28200F3EFA5 /* CopyFiles */,
			);
			buildRules = (
			);
			dependencies = (
			);
			name = CppDemo;
			productName = CppDemo;
			productReference = 84D46B41282AC28200F3EFA5 /* CppDemo */;
			productType = "com.apple.product-type.tool";
		};
/* End PBXNativeTarget section */

/* Begin PBXProject section */
		84D46B39282AC28200F3EFA5 /* Project object */ = {
			isa = PBXProject;
			attributes = {
				BuildIndependentTargetsInParallel = 1;
				LastUpgradeCheck = 1330;
				TargetAttributes = {
					84D46B40282AC28200F3EFA5 = {
						CreatedOnToolsVersion = 13.3;
					};
				};
			};
			buildConfigurationList = 84D46B3C282AC28200F3EFA5 /* Build configuration list for PBXProject "CppDemo" */;
			compatibilityVersion = "Xcode 13.0";
			developmentRegion = en;
			hasScannedForEncodings = 0;
			knownRegions = (
				en,
				Base,
			);
			mainGroup = 84D46B38282AC28200F3EFA5;
			productRefGroup = 84D46B42282AC28200F3EFA5 /* Products */;
			projectDirPath = "";
			projectRoot = "";
			targets = (
				84D46B40282AC28200F3EFA5 /* CppDemo */,
			);
		};
/* End PBXProject section */

/* Begin PBXSourcesBuildPhase section */
		84D46B3D282AC28200F3EFA5 /* Sources */ = {
			isa = PBXSourcesBuildPhase;
			buildActionMask = 2147483647;
			files = (
				8449EC8E282AC720005FC931 /* vect1.cpp in Sources */,
				8449EC92282AC720005FC931 /* functor.cpp in Sources */,
				8449EC82282AC720005FC931 /* mytime.cpp in Sources */,
				8449EC8C282AC720005FC931 /* strgst.cpp in Sources */,
				8449EC96282AC720005FC931 /* brass.cpp in Sources */,
				8449EC7C282AC720005FC931 /* useless.cpp in Sources */,
				84D46B45282AC28200F3EFA5 /* main.cpp in Sources */,
				8449EC79282AC720005FC931 /* tv.cpp in Sources */,
				8449EC6D282AC720005FC931 /* iterator.cpp in Sources */,
				8449EC98282AC720005FC931 /* Port.cpp in Sources */,
				8449EC77282AC720005FC931 /* newexcp.cpp in Sources */,
				8449EC81282AC720005FC931 /* Notes.cpp in Sources */,
				8449EC84282AC720005FC931 /* String.cpp in Sources */,
				8449EC6E282AC720005FC931 /* Worker.cpp in Sources */,
				8449EC83282AC720005FC931 /* Stock00.cpp in Sources */,
				8449EC6F282AC720005FC931 /* Student.cpp in Sources */,
				8449EC7D282AC720005FC931 /* somedefs.cpp in Sources */,
				8449EC78282AC720005FC931 /* sales.cpp in Sources */,
				8449EC7A282AC720005FC931 /* write.cpp in Sources */,
				8449EC8B282AC720005FC931 /* smartptrs.cpp in Sources */,
				8449EC75282AC720005FC931 /* error.cpp in Sources */,
				8449EC80282AC720005FC931 /* cpmv.cpp in Sources */,
				8449EC94282AC720005FC931 /* tabtenn0.cpp in Sources */,
				8449EC74282AC720005FC931 /* Person.cpp in Sources */,
				8449EC87282AC720005FC931 /* Cow.cpp in Sources */,
				8449EC71282AC720005FC931 /* winec.cpp in Sources */,
				8449EC8D282AC720005FC931 /* str1.cpp in Sources */,
				8449EC70282AC720005FC931 /* stcktp.cpp in Sources */,
				8449EC72282AC720005FC931 /* Wine.cpp in Sources */,
				8449EC86282AC720005FC931 /* stringbad.cpp in Sources */,
				8449EC8A282AC720005FC931 /* Example.cpp in Sources */,
				8449EC85282AC720005FC931 /* Stack.cpp in Sources */,
				8449EC90282AC720005FC931 /* funadap.cpp in Sources */,
				8449EC93282AC720005FC931 /* CD.cpp in Sources */,
				8449EC7E282AC720005FC931 /* Lambda.cpp in Sources */,
				8449EC91282AC720005FC931 /* usealgo.cpp in Sources */,
				8449EC8F282AC720005FC931 /* fowl.cpp in Sources */,
				8449EC88282AC720005FC931 /* Queue.cpp in Sources */,
				8449EC95282AC720005FC931 /* dma.cpp in Sources */,
				8449EC7F282AC720005FC931 /* Someclass.cpp in Sources */,
				8449EC76282AC720005FC931 /* RTTI.cpp in Sources */,
				8449EC73282AC720005FC931 /* Queue01.cpp in Sources */,
				8449EC97282AC720005FC931 /* acctabc.cpp in Sources */,
				8449EC89282AC720005FC931 /* placenew1.cpp in Sources */,
				8449EC7B282AC720005FC931 /* wrapped.cpp in Sources */,
			);
			runOnlyForDeploymentPostprocessing = 0;
		};
/* End PBXSourcesBuildPhase section */

/* Begin XCBuildConfiguration section */
		84D46B46282AC28200F3EFA5 /* Debug */ = {
			isa = XCBuildConfiguration;
			buildSettings = {
				ALWAYS_SEARCH_USER_PATHS = NO;
				CLANG_ANALYZER_NONNULL = YES;
				CLANG_ANALYZER_NUMBER_OBJECT_CONVERSION = YES_AGGRESSIVE;
				CLANG_CXX_LANGUAGE_STANDARD = "gnu++17";
				CLANG_ENABLE_MODULES = YES;
				CLANG_ENABLE_OBJC_ARC = YES;
				CLANG_ENABLE_OBJC_WEAK = YES;
				CLANG_WARN_BLOCK_CAPTURE_AUTORELEASING = YES;
				CLANG_WARN_BOOL_CONVERSION = YES;
				CLANG_WARN_COMMA = YES;
				CLANG_WARN_CONSTANT_CONVERSION = YES;
				CLANG_WARN_DEPRECATED_OBJC_IMPLEMENTATIONS = YES;
				CLANG_WARN_DIRECT_OBJC_ISA_USAGE = YES_ERROR;
				CLANG_WARN_DOCUMENTATION_COMMENTS = YES;
				CLANG_WARN_EMPTY_BODY = YES;
				CLANG_WARN_ENUM_CONVERSION = YES;
				CLANG_WARN_INFINITE_RECURSION = YES;
				CLANG_WARN_INT_CONVERSION = YES;
				CLANG_WARN_NON_LITERAL_NULL_CONVERSION = YES;
				CLANG_WARN_OBJC_IMPLICIT_RETAIN_SELF = YES;
				CLANG_WARN_OBJC_LITERAL_CONVERSION = YES;
				CLANG_WARN_OBJC_ROOT_CLASS = YES_ERROR;
				CLANG_WARN_QUOTED_INCLUDE_IN_FRAMEWORK_HEADER = YES;
				CLANG_WARN_RANGE_LOOP_ANALYSIS = YES;
				CLANG_WARN_STRICT_PROTOTYPES = YES;
				CLANG_WARN_SUSPICIOUS_MOVE = YES;
				CLANG_WARN_UNGUARDED_AVAILABILITY = YES_AGGRESSIVE;
				CLANG_WARN_UNREACHABLE_CODE = YES;
				CLANG_WARN__DUPLICATE_METHOD_MATCH = YES;
				COPY_PHASE_STRIP = NO;
				DEBUG_INFORMATION_FORMAT = dwarf;
				ENABLE_STRICT_OBJC_MSGSEND = YES;
				ENABLE_TESTABILITY = YES;
				GCC_C_LANGUAGE_STANDARD = gnu11;
				GCC_DYNAMIC_NO_PIC = NO;
				GCC_NO_COMMON_BLOCKS = YES;
				GCC_OPTIMIZATION_LEVEL = 0;
				GCC_PREPROCESSOR_DEFINITIONS = (
					"DEBUG=1",
					"$(inherited)",
				);
				GCC_WARN_64_TO_32_BIT_CONVERSION = YES;
				GCC_WARN_ABOUT_RETURN_TYPE = YES_ERROR;
				GCC_WARN_UNDECLARED_SELECTOR = YES;
				GCC_WARN_UNINITIALIZED_AUTOS = YES_AGGRESSIVE;
				GCC_WARN_UNUSED_FUNCTION = YES;
				GCC_WARN_UNUSED_VARIABLE = YES;
				MACOSX_DEPLOYMENT_TARGET = 12.3;
				MTL_ENABLE_DEBUG_INFO = INCLUDE_SOURCE;
				MTL_FAST_MATH = YES;
				ONLY_ACTIVE_ARCH = YES;
				SDKROOT = macosx;
			};
			name = Debug;
		};
		84D46B47282AC28200F3EFA5 /* Release */ = {
			isa = XCBuildConfiguration;
			buildSettings = {
				ALWAYS_SEARCH_USER_PATHS = NO;
				CLANG_ANALYZER_NONNULL = YES;
				CLANG_ANALYZER_NUMBER_OBJECT_CONVERSION = YES_AGGRESSIVE;
				CLANG_CXX_LANGUAGE_STANDARD = "gnu++17";
				CLANG_ENABLE_MODULES = YES;
				CLANG_ENABLE_OBJC_ARC = YES;
				CLANG_ENABLE_OBJC_WEAK = YES;
				CLANG_WARN_BLOCK_CAPTURE_AUTORELEASING = YES;
				CLANG_WARN_BOOL_CONVERSION = YES;
				CLANG_WARN_COMMA = YES;
				CLANG_WARN_CONSTANT_CONVERSION = YES;
				CLANG_WARN_DEPRECATED_OBJC_IMPLEMENTATIONS = YES;
				CLANG_WARN_DIRECT_OBJC_ISA_USAGE = YES_ERROR;
				CLANG_WARN_DOCUMENTATION_COMMENTS = YES;
				CLANG_WARN_EMPTY_BODY = YES;
				CLANG_WARN_ENUM_CONVERSION = YES;
				CLANG_WARN_INFINITE_RECURSION = YES;
				CLANG_WARN_INT_CONVERSION = YES;
				CLANG_WARN_NON_LITERAL_NULL_CONVERSION = YES;
				CLANG_WARN_OBJC_IMPLICIT_RETAIN_SELF = YES;
				CLANG_WARN_OBJC_LITERAL_CONVERSION = YES;
				CLANG_WARN_OBJC_ROOT_CLASS = YES_ERROR;
				CLANG_WARN_QUOTED_INCLUDE_IN_FRAMEWORK_HEADER = YES;
				CLANG_WARN_RANGE_LOOP_ANALYSIS = YES;
				CLANG_WARN_STRICT_PROTOTYPES = YES;
				CLANG_WARN_SUSPICIOUS_MOVE = YES;
				CLANG_WARN_UNGUARDED_AVAILABILITY = YES_AGGRESSIVE;
				CLANG_WARN_UNREACHABLE_CODE = YES;
				CLANG_WARN__DUPLICATE_METHOD_MATCH = YES;
				COPY_PHASE_STRIP = NO;
				DEBUG_INFORMATION_FORMAT = "dwarf-with-dsym";
				ENABLE_NS_ASSERTIONS = NO;
				ENABLE_STRICT_OBJC_MSGSEND = YES;
				GCC_C_LANGUAGE_STANDARD = gnu11;
				GCC_NO_COMMON_BLOCKS = YES;
				GCC_WARN_64_TO_32_BIT_CONVERSION = YES;
				GCC_WARN_ABOUT_RETURN_TYPE = YES_ERROR;
				GCC_WARN_UNDECLARED_SELECTOR = YES;
				GCC_WARN_UNINITIALIZED_AUTOS = YES_AGGRESSIVE;
				GCC_WARN_UNUSED_FUNCTION = YES;
				GCC_WARN_UNUSED_VARIABLE = YES;
				MACOSX_DEPLOYMENT_TARGET = 12.3;
				MTL_ENABLE_DEBUG_INFO = NO;
				MTL_FAST_MATH = YES;
				SDKROOT = macosx;
			};
			name = Release;
		};
		84D46B49282AC28200F3EFA5 /* Debug */ = {
			isa = XCBuildConfiguration;
			buildSettings = {
				CODE_SIGN_STYLE = Automatic;
				PRODUCT_NAME = "$(TARGET_NAME)";
			};
			name = Debug;
		};
		84D46B4A282AC28200F3EFA5 /* Release */ = {
			isa = XCBuildConfiguration;
			buildSettings = {
				CODE_SIGN_STYLE = Automatic;
				PRODUCT_NAME = "$(TARGET_NAME)";
			};
			name = Release;
		};
/* End XCBuildConfiguration section */

/* Begin XCConfigurationList section */
		84D46B3C282AC28200F3EFA5 /* Build configuration list for PBXProject "CppDemo" */ = {
			isa = XCConfigurationList;
			buildConfigurations = (
				84D46B46282AC28200F3EFA5 /* Debug */,
				84D46B47282AC28200F3EFA5 /* Release */,
			);
			defaultConfigurationIsVisible = 0;
			defaultConfigurationName = Release;
		};
		84D46B48282AC28200F3EFA5 /* Build configuration list for PBXNativeTarget "CppDemo" */ = {
			isa = XCConfigurationList;
			buildConfigurations = (
				84D46B49282AC28200F3EFA5 /* Debug */,
				84D46B4A282AC28200F3EFA5 /* Release */,
			);
			defaultConfigurationIsVisible = 0;
			defaultConfigurationName = Release;
		};
/* End XCConfigurationList section */
	};
	rootObject = 84D46B39282AC28200F3EFA5 /* Project object */;
}
